
Microsoft Visual Studio Solution File, Format Version 12.00
# Visual Studio Version 17
VisualStudioVersion = 17.7.34031.279
MinimumVisualStudioVersion = 10.0.40219.1
Project("{FAE04EC0-301F-11D3-BF4B-00C04F79EFBC}") = "TrabajoPracticoUno", "TrabajoPracticoUno.csproj", "{DCBDE74A-F398-4EC5-9D0B-3CC4D625274C}"
EndProject
Global
	GlobalSection(SolutionConfigurationPlatforms) = preSolution
		Debug|Any CPU = Debug|Any CPU
		Release|Any CPU = Release|Any CPU
	EndGlobalSection
	GlobalSection(ProjectConfigurationPlatforms) = postSolution
		{DCBDE74A-F398-4EC5-9D0B-3CC4D625274C}.Debug|Any CPU.ActiveCfg = Debug|Any CPU
		{DCBDE74A-F398-4EC5-9D0B-3CC4D625274C}.Debug|Any CPU.Build.0 = Debug|Any CPU
		{DCBDE74A-F398-4EC5-9D0B-3CC4D625274C}.Release|Any CPU.ActiveCfg = Release|Any CPU
		{DCBDE74A-F398-4EC5-9D0B-3CC4D625274C}.Release|Any CPU.Build.0 = Release|Any CPU
	EndGlobalSection
	GlobalSection(SolutionProperties) = preSolution
		HideSolutionNode = FALSE
	EndGlobalSection
	GlobalSection(ExtensibilityGlobals) = postSolution
		SolutionGuid = {C73CFE1B-A192-48FF-A85D-705F13978ABA}
	EndGlobalSection
EndGlobal
